
Microsoft Visual Studio Solution File, Format Version 12.00
# Visual Studio Version 17
VisualStudioVersion = 17.11.35312.102
MinimumVisualStudioVersion = 10.0.40219.1
Project("{9A19103F-16F7-4668-BE54-9A1E7A4F7556}") = "meTesting.HRM", "meTesting.HRM\meTesting.HRM.csproj", "{04DE0A4B-3655-4FEB-90A8-FE689CCBEEC3}"
EndProject
Global
	GlobalSection(SolutionConfigurationPlatforms) = preSolution
		Debug|Any CPU = Debug|Any CPU
		Release|Any CPU = Release|Any CPU
	EndGlobalSection
	GlobalSection(ProjectConfigurationPlatforms) = postSolution
		{04DE0A4B-3655-4FEB-90A8-FE689CCBEEC3}.Debug|Any CPU.ActiveCfg = Debug|Any CPU
		{04DE0A4B-3655-4FEB-90A8-FE689CCBEEC3}.Debug|Any CPU.Build.0 = Debug|Any CPU
		{04DE0A4B-3655-4FEB-90A8-FE689CCBEEC3}.Release|Any CPU.ActiveCfg = Release|Any CPU
		{04DE0A4B-3655-4FEB-90A8-FE689CCBEEC3}.Release|Any CPU.Build.0 = Release|Any CPU
	EndGlobalSection
	GlobalSection(SolutionProperties) = preSolution
		HideSolutionNode = FALSE
	EndGlobalSection
	GlobalSection(ExtensibilityGlobals) = postSolution
		SolutionGuid = {70AABD7C-ECCE-4404-A36B-1DADD2E644F1}
	EndGlobalSection
EndGlobal
